
Microsoft Visual Studio Solution File, Format Version 12.00
# Visual Studio Version 16
VisualStudioVersion = 16.0.31112.23
MinimumVisualStudioVersion = 10.0.40219.1
Project("{FAE04EC0-301F-11D3-BF4B-00C04F79EFBC}") = "TN3270", "TN3270.csproj", "{672BC19A-BFF4-42AE-BCD2-AE4F33D3A0D8}"
EndProject
Global
	GlobalSection(SolutionConfigurationPlatforms) = preSolution
		Debug|Any CPU = Debug|Any CPU
		Release|Any CPU = Release|Any CPU
	EndGlobalSection
	GlobalSection(ProjectConfigurationPlatforms) = postSolution
		{672BC19A-BFF4-42AE-BCD2-AE4F33D3A0D8}.Debug|Any CPU.ActiveCfg = Debug|Any CPU
		{672BC19A-BFF4-42AE-BCD2-AE4F33D3A0D8}.Debug|Any CPU.Build.0 = Debug|Any CPU
		{672BC19A-BFF4-42AE-BCD2-AE4F33D3A0D8}.Release|Any CPU.ActiveCfg = Release|Any CPU
		{672BC19A-BFF4-42AE-BCD2-AE4F33D3A0D8}.Release|Any CPU.Build.0 = Release|Any CPU
	EndGlobalSection
	GlobalSection(SolutionProperties) = preSolution
		HideSolutionNode = FALSE
	EndGlobalSection
	GlobalSection(ExtensibilityGlobals) = postSolution
		SolutionGuid = {657D884D-8FA4-4EDC-B340-0F762AF342C5}
	EndGlobalSection
EndGlobal
